{
  "name": "ghost",
  "version": "1.0.0",
  "lockfileVersion": 1,
  "requires": true,
  "dependencies": {
    "fuzzysort": {
      "version": "1.1.4",
      "resolved": "https://registry.npmjs.org/fuzzysort/-/fuzzysort-1.1.4.tgz",
      "integrity": "sha512-JzK/lHjVZ6joAg3OnCjylwYXYVjRiwTY6Yb25LvfpJHK8bjisfnZJ5bY8aVWwTwCXgxPNgLAtmHL+Hs5q1ddLQ=="
    },
    "ghost-search": {
      "version": "1.1.0",
      "resolved": "https://registry.npmjs.org/ghost-search/-/ghost-search-1.1.0.tgz",
      "integrity": "sha512-nLmGFhY7iob5IIgo99l2dNZPvoDWqS0tSH9RnR5njs1gTnew5hI6pTpGSNbDNC/r/n0P2QfmFcSm8LmmdcnUWA==",
      "requires": {
        "fuzzysort": "^1.1.4"
      }
    }
  }
}
